{
  "requires": true,
  "lockfileVersion": 1,
  "dependencies": {
    "ngx-fb": {
      "version": "1.0.1",
      "resolved": "https://registry.npmjs.org/ngx-fb/-/ngx-fb-1.0.1.tgz",
      "integrity": "sha512-mrMuQX8elaNyj/vSpifBVxHkiS74p/5N2g3Hw6jCy2g4ch/VUgf+H/42eJwvFE/GTW17a4SpgI0siNPfDZZh1w=="
    }
  }
}
